
Microsoft Visual Studio Solution File, Format Version 12.00
# Visual Studio Version 17
VisualStudioVersion = 17.4.33403.182
MinimumVisualStudioVersion = 10.0.40219.1
Project("{FAE04EC0-301F-11D3-BF4B-00C04F79EFBC}") = "RestaurantCheckOutSystem", "RestaurantCheckOutSystem\RestaurantCheckOutSystem.csproj", "{BC366D5D-BC95-4956-91D9-7BA82A76BDE8}"
EndProject
Project("{FAE04EC0-301F-11D3-BF4B-00C04F79EFBC}") = "TestCheckOutSystem", "TestCheckOutSystem\TestCheckOutSystem.csproj", "{5AA1FFD6-78F6-4B7A-9A18-7160ECDB6548}"
EndProject
Global
	GlobalSection(SolutionConfigurationPlatforms) = preSolution
		Debug|Any CPU = Debug|Any CPU
		Release|Any CPU = Release|Any CPU
	EndGlobalSection
	GlobalSection(ProjectConfigurationPlatforms) = postSolution
		{BC366D5D-BC95-4956-91D9-7BA82A76BDE8}.Debug|Any CPU.ActiveCfg = Debug|Any CPU
		{BC366D5D-BC95-4956-91D9-7BA82A76BDE8}.Debug|Any CPU.Build.0 = Debug|Any CPU
		{BC366D5D-BC95-4956-91D9-7BA82A76BDE8}.Release|Any CPU.ActiveCfg = Release|Any CPU
		{BC366D5D-BC95-4956-91D9-7BA82A76BDE8}.Release|Any CPU.Build.0 = Release|Any CPU
		{5AA1FFD6-78F6-4B7A-9A18-7160ECDB6548}.Debug|Any CPU.ActiveCfg = Debug|Any CPU
		{5AA1FFD6-78F6-4B7A-9A18-7160ECDB6548}.Debug|Any CPU.Build.0 = Debug|Any CPU
		{5AA1FFD6-78F6-4B7A-9A18-7160ECDB6548}.Release|Any CPU.ActiveCfg = Release|Any CPU
		{5AA1FFD6-78F6-4B7A-9A18-7160ECDB6548}.Release|Any CPU.Build.0 = Release|Any CPU
	EndGlobalSection
	GlobalSection(SolutionProperties) = preSolution
		HideSolutionNode = FALSE
	EndGlobalSection
	GlobalSection(ExtensibilityGlobals) = postSolution
		SolutionGuid = {98D8BECA-200B-4853-A83F-741C757F6E22}
	EndGlobalSection
EndGlobal
